<?xml version="1.0" encoding="UTF-8" standalone="yes" ?>
<CodeBlocks_project_file>
	<FileVersion major="1" minor="6" />
	<Project>
		<Option title="Stormfighter" />
		<Option pch_mode="2" />
		<Option compiler="gcc" />
		<Build>
			<Target title="Debug">
				<Option output="bin\Debug\Stormfighter" prefix_auto="1" extension_auto="1" />
				<Option object_output="obj\Debug\" />
				<Option type="1" />
				<Option compiler="gcc" />
				<Compiler>
					<Add option="-g" />
					<Add option="-D_DEBUG" />
				</Compiler>
				<Linker>
					<Add library="OgreMain_d" />
					<Add library="OIS_d" />
					<Add library="OgreTerrain_d" />
					<Add library="Awesomium_d" />
				</Linker>
			</Target>
			<Target title="Release">
				<Option output="bin\Release\Stormfighter" prefix_auto="1" extension_auto="1" />
				<Option object_output="obj\Release\" />
				<Option type="1" />
				<Option compiler="gcc" />
				<Compiler>
					<Add option="-O2" />
					<Add option="-DNDEBUG" />
				</Compiler>
				<Linker>
					<Add option="-s" />
					<Add library="OgreMain" />
					<Add library="OIS" />
					<Add library="OgreTerrain" />
					<Add library="Awesomium" />
				</Linker>
			</Target>
		</Build>
		<Compiler>
			<Add option="-Wall" />
			<Add option="-mthreads" />
			<Add option="-fmessage-length=0" />
			<Add option="-fexceptions" />
			<Add option="-fident" />
			<Add option="-DWIN32" />
			<Add option="-D_WINDOWS" />
			<Add directory="$(OGRE_HOME)\include" />
			<Add directory="$(OGRE_HOME)\include\OIS" />
			<Add directory="$(OGRE_HOME)\include\OGRE" />
			<Add directory="$(OGRE_HOME)\boost_1_42" />
			<Add directory="C:\bullet-2.78\src" />
			<Add directory="$(OGRE_HOME)\boost_1_44" />
			<Add directory="C:\Stormfighter\deps\include" />
		</Compiler>
		<Linker>
			<Add option="-Wl,--enable-auto-image-base" />
			<Add option="-Wl,--add-stdcall-alias" />
			<Add option="-Wl,--enable-auto-import" />
			<Add library="libBulletDynamics.a" />
			<Add library="BulletCollision" />
			<Add library="LinearMath" />
			<Add directory="$(OGRE_HOME)\bin\$(TARGET_NAME)" />
			<Add directory="C:\bullet-2.78\lib\lib" />
			<Add directory="C:\Stormfighter\deps\lib" />
		</Linker>
		<Unit filename="BoxCollider.cc" />
		<Unit filename="BoxCollider.h" />
		<Unit filename="BulletOgreDebugDraw.cc" />
		<Unit filename="BulletOgreDebugDraw.h" />
		<Unit filename="BulletOgreGlue.h" />
		<Unit filename="BulletOgreMeshToShape.cc" />
		<Unit filename="BulletOgreMeshToShape.h" />
		<Unit filename="Camera.cc" />
		<Unit filename="Camera.h" />
		<Unit filename="CapsuleCollider.cc" />
		<Unit filename="CapsuleCollider.h" />
		<Unit filename="CharacterController.cc" />
		<Unit filename="CharacterController.h" />
		<Unit filename="ChaseCameraController.cc" />
		<Unit filename="ChaseCameraController.h" />
		<Unit filename="Collider.cc" />
		<Unit filename="Collider.h" />
		<Unit filename="Component.cc" />
		<Unit filename="Component.h" />
		<Unit filename="CompoundCollider.cc" />
		<Unit filename="CompoundCollider.h" />
		<Unit filename="ConvexHullCollider.cc" />
		<Unit filename="ConvexHullCollider.h" />
		<Unit filename="CylinderCollider.cc" />
		<Unit filename="CylinderCollider.h" />
		<Unit filename="FreeLookCameraController.cc" />
		<Unit filename="FreeLookCameraController.h" />
		<Unit filename="GUI.cc" />
		<Unit filename="GUI.h" />
		<Unit filename="GameObject.cc" />
		<Unit filename="GameObject.h" />
		<Unit filename="Graphics.cc" />
		<Unit filename="Graphics.h" />
		<Unit filename="Hierarchy.cc" />
		<Unit filename="Hierarchy.h" />
		<Unit filename="Input.cc" />
		<Unit filename="Input.h" />
		<Unit filename="Library.h" />
		<Unit filename="Light.cc" />
		<Unit filename="Light.h" />
		<Unit filename="Logger.cc" />
		<Unit filename="Logger.h" />
		<Unit filename="Mesh.cc" />
		<Unit filename="Mesh.h" />
		<Unit filename="Physics.cc" />
		<Unit filename="Physics.h" />
		<Unit filename="PlatformMoverVertical.cc" />
		<Unit filename="PlatformMoverVertical.h" />
		<Unit filename="PlatformPositioner.cc" />
		<Unit filename="PlatformPositioner.h" />
		<Unit filename="Primitive.cc">
			<Option compilerVar="CC" />
		</Unit>
		<Unit filename="Primitive.h" />
		<Unit filename="RigidBody.cc" />
		<Unit filename="RigidBody.h" />
		<Unit filename="Script.h" />
		<Unit filename="SphereCollider.cc" />
		<Unit filename="SphereCollider.h" />
		<Unit filename="StormfighterApp.cc" />
		<Unit filename="StormfighterApp.h" />
		<Unit filename="Terrain.cc" />
		<Unit filename="Terrain.h" />
		<Unit filename="TerrainCollider.cc" />
		<Unit filename="TerrainCollider.h" />
		<Unit filename="Transform.cc" />
		<Unit filename="Transform.h" />
		<Unit filename="TrimeshCollider.cc" />
		<Unit filename="TrimeshCollider.h" />
		<Unit filename="ViewPortOverlay.cc" />
		<Unit filename="ViewPortOverlay.h" />
		<Unit filename="WaterRiser.cc" />
		<Unit filename="WaterRiser.h" />
		<Unit filename="common.cc" />
		<Unit filename="common.h" />
		<Unit filename="main.cc" />
		<Extensions>
			<code_completion />
			<envvars />
			<debugger />
			<lib_finder disable_auto="1" />
		</Extensions>
	</Project>
</CodeBlocks_project_file>
